
Microsoft Visual Studio Solution File, Format Version 12.00
# Visual Studio Version 17
VisualStudioVersion = 17.6.33829.357
MinimumVisualStudioVersion = 10.0.40219.1
Project("{FAE04EC0-301F-11D3-BF4B-00C04F79EFBC}") = "BlogImageDownloader", "BlogImageDownloader\BlogImageDownloader.csproj", "{01B0D7BF-5853-4E46-BC4A-32CE1F31A570}"
EndProject
Global
	GlobalSection(SolutionConfigurationPlatforms) = preSolution
		Debug|Any CPU = Debug|Any CPU
		Release|Any CPU = Release|Any CPU
	EndGlobalSection
	GlobalSection(ProjectConfigurationPlatforms) = postSolution
		{01B0D7BF-5853-4E46-BC4A-32CE1F31A570}.Debug|Any CPU.ActiveCfg = Debug|Any CPU
		{01B0D7BF-5853-4E46-BC4A-32CE1F31A570}.Debug|Any CPU.Build.0 = Debug|Any CPU
		{01B0D7BF-5853-4E46-BC4A-32CE1F31A570}.Release|Any CPU.ActiveCfg = Release|Any CPU
		{01B0D7BF-5853-4E46-BC4A-32CE1F31A570}.Release|Any CPU.Build.0 = Release|Any CPU
	EndGlobalSection
	GlobalSection(SolutionProperties) = preSolution
		HideSolutionNode = FALSE
	EndGlobalSection
	GlobalSection(ExtensibilityGlobals) = postSolution
		SolutionGuid = {6A627E09-171C-4D61-83D7-A234A5E9BF89}
	EndGlobalSection
EndGlobal
